
Microsoft Visual Studio Solution File, Format Version 12.00
# Visual Studio 2013
VisualStudioVersion = 12.0.40629.0
MinimumVisualStudioVersion = 10.0.40219.1
Project("{FAE04EC0-301F-11D3-BF4B-00C04F79EFBC}") = "Abstraction-GoodAbstractionAndEncapsulation", "Abstraction-GoodAbstractionAndEncapsulation\Abstraction-GoodAbstractionAndEncapsulation.csproj", "{1ABC1DC9-32AC-48F7-A83E-F85BD51B24EE}"
EndProject
Project("{FAE04EC0-301F-11D3-BF4B-00C04F79EFBC}") = "CohesionAndCoupling", "CohesionAndCoupling\CohesionAndCoupling.csproj", "{CE5250B6-672C-4498-AE62-2AE123A32EAC}"
EndProject
Project("{FAE04EC0-301F-11D3-BF4B-00C04F79EFBC}") = "InheritanceAndPolymorphism", "InheritanceAndPolymorphism\InheritanceAndPolymorphism.csproj", "{DEE0CFD9-94D3-403C-A458-B7C93450BBD2}"
EndProject
Global
	GlobalSection(SolutionConfigurationPlatforms) = preSolution
		Debug|Any CPU = Debug|Any CPU
		Release|Any CPU = Release|Any CPU
	EndGlobalSection
	GlobalSection(ProjectConfigurationPlatforms) = postSolution
		{1ABC1DC9-32AC-48F7-A83E-F85BD51B24EE}.Debug|Any CPU.ActiveCfg = Debug|Any CPU
		{1ABC1DC9-32AC-48F7-A83E-F85BD51B24EE}.Debug|Any CPU.Build.0 = Debug|Any CPU
		{1ABC1DC9-32AC-48F7-A83E-F85BD51B24EE}.Release|Any CPU.ActiveCfg = Release|Any CPU
		{1ABC1DC9-32AC-48F7-A83E-F85BD51B24EE}.Release|Any CPU.Build.0 = Release|Any CPU
		{CE5250B6-672C-4498-AE62-2AE123A32EAC}.Debug|Any CPU.ActiveCfg = Debug|Any CPU
		{CE5250B6-672C-4498-AE62-2AE123A32EAC}.Debug|Any CPU.Build.0 = Debug|Any CPU
		{CE5250B6-672C-4498-AE62-2AE123A32EAC}.Release|Any CPU.ActiveCfg = Release|Any CPU
		{CE5250B6-672C-4498-AE62-2AE123A32EAC}.Release|Any CPU.Build.0 = Release|Any CPU
		{DEE0CFD9-94D3-403C-A458-B7C93450BBD2}.Debug|Any CPU.ActiveCfg = Debug|Any CPU
		{DEE0CFD9-94D3-403C-A458-B7C93450BBD2}.Debug|Any CPU.Build.0 = Debug|Any CPU
		{DEE0CFD9-94D3-403C-A458-B7C93450BBD2}.Release|Any CPU.ActiveCfg = Release|Any CPU
		{DEE0CFD9-94D3-403C-A458-B7C93450BBD2}.Release|Any CPU.Build.0 = Release|Any CPU
	EndGlobalSection
	GlobalSection(SolutionProperties) = preSolution
		HideSolutionNode = FALSE
	EndGlobalSection
EndGlobal
