
Microsoft Visual Studio Solution File, Format Version 12.00
# Visual Studio 2013
VisualStudioVersion = 12.0.21005.1
MinimumVisualStudioVersion = 10.0.40219.1
Project("{FAE04EC0-301F-11D3-BF4B-00C04F79EFBC}") = "01.Allocate array", "Allocate array\01.Allocate array.csproj", "{EDF31193-F95D-4EF3-A243-A1974BFF5532}"
EndProject
Project("{FAE04EC0-301F-11D3-BF4B-00C04F79EFBC}") = "02.Compare arrays", "Compare arrays\02.Compare arrays.csproj", "{91AE3144-91A1-4848-814E-F0E1784E31A8}"
EndProject
Project("{FAE04EC0-301F-11D3-BF4B-00C04F79EFBC}") = "03.Compare char arrays", "Compare char arrays\03.Compare char arrays.csproj", "{06AA69BF-6DA8-462F-BA13-58EE75F32CE9}"
EndProject
Project("{FAE04EC0-301F-11D3-BF4B-00C04F79EFBC}") = "04.Maximal sequence", "Maximal sequence\04.Maximal sequence.csproj", "{2D7E33DC-3D22-4B03-9D42-7294A70B5B5D}"
EndProject
Project("{FAE04EC0-301F-11D3-BF4B-00C04F79EFBC}") = "05.Maximal increasing sequence", "Maximal increasing sequence\05.Maximal increasing sequence.csproj", "{2C0164E0-060E-4C7D-9B3F-7A8047D64A80}"
EndProject
Project("{FAE04EC0-301F-11D3-BF4B-00C04F79EFBC}") = "06.Maximal K sum", "Maximal K sum\06.Maximal K sum.csproj", "{B8FD67AC-EE49-4C26-93F1-9B7CAF87F915}"
EndProject
Project("{FAE04EC0-301F-11D3-BF4B-00C04F79EFBC}") = "07.Selection sort", "Selection sort\07.Selection sort.csproj", "{6BC7D49F-0B19-457B-8437-F9DA2A128559}"
EndProject
Project("{FAE04EC0-301F-11D3-BF4B-00C04F79EFBC}") = "08.Maximal sum", "Maximal sum\08.Maximal sum.csproj", "{EE2FE0B2-0A83-4148-A1B3-C07D0F7FDAB3}"
EndProject
Project("{FAE04EC0-301F-11D3-BF4B-00C04F79EFBC}") = "09.Frequent number", "Frequent number\09.Frequent number.csproj", "{C2E1C92F-8E8A-44F4-BF56-58E2C360669B}"
EndProject
Project("{FAE04EC0-301F-11D3-BF4B-00C04F79EFBC}") = "Find sum in array", "Find sum in array\Find sum in array.csproj", "{ED07B253-54C2-44AE-BC0D-A5CE0763DA3C}"
EndProject
Project("{FAE04EC0-301F-11D3-BF4B-00C04F79EFBC}") = "11.Binary search", "Binary search\11.Binary search.csproj", "{2E0BA915-786F-4403-9627-A111CDD5B071}"
EndProject
Project("{FAE04EC0-301F-11D3-BF4B-00C04F79EFBC}") = "12.Index of letters", "Index of letters\12.Index of letters.csproj", "{CC684CEB-F882-41AF-B611-348516929BE0}"
EndProject
Project("{FAE04EC0-301F-11D3-BF4B-00C04F79EFBC}") = "13.Merge sort", "Merge sort\13.Merge sort.csproj", "{9A60C231-5051-4D6D-A737-3F36F26958E0}"
EndProject
Project("{FAE04EC0-301F-11D3-BF4B-00C04F79EFBC}") = "13.Merge sort-2", "Merge sort-2\13.Merge sort-2.csproj", "{F4F89913-0DD4-4571-B8F6-66422A3188DA}"
EndProject
Project("{FAE04EC0-301F-11D3-BF4B-00C04F79EFBC}") = "14.Quick sort", "Quick sort\14.Quick sort.csproj", "{AF4B0115-350E-4BA1-8309-2EB7E960C8BE}"
EndProject
Project("{FAE04EC0-301F-11D3-BF4B-00C04F79EFBC}") = "15.Prime numbers", "Prime numbers\15.Prime numbers.csproj", "{FD73AE0D-8E3E-4A26-82CF-5B0C2A4E2F6D}"
EndProject
Project("{FAE04EC0-301F-11D3-BF4B-00C04F79EFBC}") = "Remove elements from array", "Remove elements from array\Remove elements from array.csproj", "{00E08D5A-EC88-445E-8CD0-166035481914}"
EndProject
Global
	GlobalSection(SolutionConfigurationPlatforms) = preSolution
		Debug|Any CPU = Debug|Any CPU
		Release|Any CPU = Release|Any CPU
	EndGlobalSection
	GlobalSection(ProjectConfigurationPlatforms) = postSolution
		{EDF31193-F95D-4EF3-A243-A1974BFF5532}.Debug|Any CPU.ActiveCfg = Debug|Any CPU
		{EDF31193-F95D-4EF3-A243-A1974BFF5532}.Debug|Any CPU.Build.0 = Debug|Any CPU
		{EDF31193-F95D-4EF3-A243-A1974BFF5532}.Release|Any CPU.ActiveCfg = Release|Any CPU
		{EDF31193-F95D-4EF3-A243-A1974BFF5532}.Release|Any CPU.Build.0 = Release|Any CPU
		{91AE3144-91A1-4848-814E-F0E1784E31A8}.Debug|Any CPU.ActiveCfg = Debug|Any CPU
		{91AE3144-91A1-4848-814E-F0E1784E31A8}.Debug|Any CPU.Build.0 = Debug|Any CPU
		{91AE3144-91A1-4848-814E-F0E1784E31A8}.Release|Any CPU.ActiveCfg = Release|Any CPU
		{91AE3144-91A1-4848-814E-F0E1784E31A8}.Release|Any CPU.Build.0 = Release|Any CPU
		{06AA69BF-6DA8-462F-BA13-58EE75F32CE9}.Debug|Any CPU.ActiveCfg = Debug|Any CPU
		{06AA69BF-6DA8-462F-BA13-58EE75F32CE9}.Debug|Any CPU.Build.0 = Debug|Any CPU
		{06AA69BF-6DA8-462F-BA13-58EE75F32CE9}.Release|Any CPU.ActiveCfg = Release|Any CPU
		{06AA69BF-6DA8-462F-BA13-58EE75F32CE9}.Release|Any CPU.Build.0 = Release|Any CPU
		{2D7E33DC-3D22-4B03-9D42-7294A70B5B5D}.Debug|Any CPU.ActiveCfg = Debug|Any CPU
		{2D7E33DC-3D22-4B03-9D42-7294A70B5B5D}.Debug|Any CPU.Build.0 = Debug|Any CPU
		{2D7E33DC-3D22-4B03-9D42-7294A70B5B5D}.Release|Any CPU.ActiveCfg = Release|Any CPU
		{2D7E33DC-3D22-4B03-9D42-7294A70B5B5D}.Release|Any CPU.Build.0 = Release|Any CPU
		{2C0164E0-060E-4C7D-9B3F-7A8047D64A80}.Debug|Any CPU.ActiveCfg = Debug|Any CPU
		{2C0164E0-060E-4C7D-9B3F-7A8047D64A80}.Debug|Any CPU.Build.0 = Debug|Any CPU
		{2C0164E0-060E-4C7D-9B3F-7A8047D64A80}.Release|Any CPU.ActiveCfg = Release|Any CPU
		{2C0164E0-060E-4C7D-9B3F-7A8047D64A80}.Release|Any CPU.Build.0 = Release|Any CPU
		{B8FD67AC-EE49-4C26-93F1-9B7CAF87F915}.Debug|Any CPU.ActiveCfg = Debug|Any CPU
		{B8FD67AC-EE49-4C26-93F1-9B7CAF87F915}.Debug|Any CPU.Build.0 = Debug|Any CPU
		{B8FD67AC-EE49-4C26-93F1-9B7CAF87F915}.Release|Any CPU.ActiveCfg = Release|Any CPU
		{B8FD67AC-EE49-4C26-93F1-9B7CAF87F915}.Release|Any CPU.Build.0 = Release|Any CPU
		{6BC7D49F-0B19-457B-8437-F9DA2A128559}.Debug|Any CPU.ActiveCfg = Debug|Any CPU
		{6BC7D49F-0B19-457B-8437-F9DA2A128559}.Debug|Any CPU.Build.0 = Debug|Any CPU
		{6BC7D49F-0B19-457B-8437-F9DA2A128559}.Release|Any CPU.ActiveCfg = Release|Any CPU
		{6BC7D49F-0B19-457B-8437-F9DA2A128559}.Release|Any CPU.Build.0 = Release|Any CPU
		{EE2FE0B2-0A83-4148-A1B3-C07D0F7FDAB3}.Debug|Any CPU.ActiveCfg = Debug|Any CPU
		{EE2FE0B2-0A83-4148-A1B3-C07D0F7FDAB3}.Debug|Any CPU.Build.0 = Debug|Any CPU
		{EE2FE0B2-0A83-4148-A1B3-C07D0F7FDAB3}.Release|Any CPU.ActiveCfg = Release|Any CPU
		{EE2FE0B2-0A83-4148-A1B3-C07D0F7FDAB3}.Release|Any CPU.Build.0 = Release|Any CPU
		{C2E1C92F-8E8A-44F4-BF56-58E2C360669B}.Debug|Any CPU.ActiveCfg = Debug|Any CPU
		{C2E1C92F-8E8A-44F4-BF56-58E2C360669B}.Debug|Any CPU.Build.0 = Debug|Any CPU
		{C2E1C92F-8E8A-44F4-BF56-58E2C360669B}.Release|Any CPU.ActiveCfg = Release|Any CPU
		{C2E1C92F-8E8A-44F4-BF56-58E2C360669B}.Release|Any CPU.Build.0 = Release|Any CPU
		{ED07B253-54C2-44AE-BC0D-A5CE0763DA3C}.Debug|Any CPU.ActiveCfg = Debug|Any CPU
		{ED07B253-54C2-44AE-BC0D-A5CE0763DA3C}.Debug|Any CPU.Build.0 = Debug|Any CPU
		{ED07B253-54C2-44AE-BC0D-A5CE0763DA3C}.Release|Any CPU.ActiveCfg = Release|Any CPU
		{ED07B253-54C2-44AE-BC0D-A5CE0763DA3C}.Release|Any CPU.Build.0 = Release|Any CPU
		{2E0BA915-786F-4403-9627-A111CDD5B071}.Debug|Any CPU.ActiveCfg = Debug|Any CPU
		{2E0BA915-786F-4403-9627-A111CDD5B071}.Debug|Any CPU.Build.0 = Debug|Any CPU
		{2E0BA915-786F-4403-9627-A111CDD5B071}.Release|Any CPU.ActiveCfg = Release|Any CPU
		{2E0BA915-786F-4403-9627-A111CDD5B071}.Release|Any CPU.Build.0 = Release|Any CPU
		{CC684CEB-F882-41AF-B611-348516929BE0}.Debug|Any CPU.ActiveCfg = Debug|Any CPU
		{CC684CEB-F882-41AF-B611-348516929BE0}.Debug|Any CPU.Build.0 = Debug|Any CPU
		{CC684CEB-F882-41AF-B611-348516929BE0}.Release|Any CPU.ActiveCfg = Release|Any CPU
		{CC684CEB-F882-41AF-B611-348516929BE0}.Release|Any CPU.Build.0 = Release|Any CPU
		{9A60C231-5051-4D6D-A737-3F36F26958E0}.Debug|Any CPU.ActiveCfg = Debug|Any CPU
		{9A60C231-5051-4D6D-A737-3F36F26958E0}.Debug|Any CPU.Build.0 = Debug|Any CPU
		{9A60C231-5051-4D6D-A737-3F36F26958E0}.Release|Any CPU.ActiveCfg = Release|Any CPU
		{9A60C231-5051-4D6D-A737-3F36F26958E0}.Release|Any CPU.Build.0 = Release|Any CPU
		{F4F89913-0DD4-4571-B8F6-66422A3188DA}.Debug|Any CPU.ActiveCfg = Debug|Any CPU
		{F4F89913-0DD4-4571-B8F6-66422A3188DA}.Debug|Any CPU.Build.0 = Debug|Any CPU
		{F4F89913-0DD4-4571-B8F6-66422A3188DA}.Release|Any CPU.ActiveCfg = Release|Any CPU
		{F4F89913-0DD4-4571-B8F6-66422A3188DA}.Release|Any CPU.Build.0 = Release|Any CPU
		{AF4B0115-350E-4BA1-8309-2EB7E960C8BE}.Debug|Any CPU.ActiveCfg = Debug|Any CPU
		{AF4B0115-350E-4BA1-8309-2EB7E960C8BE}.Debug|Any CPU.Build.0 = Debug|Any CPU
		{AF4B0115-350E-4BA1-8309-2EB7E960C8BE}.Release|Any CPU.ActiveCfg = Release|Any CPU
		{AF4B0115-350E-4BA1-8309-2EB7E960C8BE}.Release|Any CPU.Build.0 = Release|Any CPU
		{FD73AE0D-8E3E-4A26-82CF-5B0C2A4E2F6D}.Debug|Any CPU.ActiveCfg = Debug|Any CPU
		{FD73AE0D-8E3E-4A26-82CF-5B0C2A4E2F6D}.Debug|Any CPU.Build.0 = Debug|Any CPU
		{FD73AE0D-8E3E-4A26-82CF-5B0C2A4E2F6D}.Release|Any CPU.ActiveCfg = Release|Any CPU
		{FD73AE0D-8E3E-4A26-82CF-5B0C2A4E2F6D}.Release|Any CPU.Build.0 = Release|Any CPU
		{00E08D5A-EC88-445E-8CD0-166035481914}.Debug|Any CPU.ActiveCfg = Debug|Any CPU
		{00E08D5A-EC88-445E-8CD0-166035481914}.Debug|Any CPU.Build.0 = Debug|Any CPU
		{00E08D5A-EC88-445E-8CD0-166035481914}.Release|Any CPU.ActiveCfg = Release|Any CPU
		{00E08D5A-EC88-445E-8CD0-166035481914}.Release|Any CPU.Build.0 = Release|Any CPU
	EndGlobalSection
	GlobalSection(SolutionProperties) = preSolution
		HideSolutionNode = FALSE
	EndGlobalSection
EndGlobal
