
Microsoft Visual Studio Solution File, Format Version 12.00
# Visual Studio 2013
VisualStudioVersion = 12.0.40629.0
MinimumVisualStudioVersion = 10.0.40219.1
Project("{FAE04EC0-301F-11D3-BF4B-00C04F79EFBC}") = "RotatingWalkInMatrix", "RotatingWalkInMatrix\RotatingWalkInMatrix.csproj", "{D61A8C7E-B036-436F-9D87-523B0DC9CA69}"
EndProject
Project("{FAE04EC0-301F-11D3-BF4B-00C04F79EFBC}") = "RotatingWalkInMatrixTests", "RotatingWalkInMatrixTests\RotatingWalkInMatrixTests.csproj", "{2E0E5B6E-ADBF-4A11-A105-A224F729C645}"
EndProject
Global
	GlobalSection(SolutionConfigurationPlatforms) = preSolution
		Debug|Any CPU = Debug|Any CPU
		Release|Any CPU = Release|Any CPU
	EndGlobalSection
	GlobalSection(ProjectConfigurationPlatforms) = postSolution
		{D61A8C7E-B036-436F-9D87-523B0DC9CA69}.Debug|Any CPU.ActiveCfg = Debug|Any CPU
		{D61A8C7E-B036-436F-9D87-523B0DC9CA69}.Debug|Any CPU.Build.0 = Debug|Any CPU
		{D61A8C7E-B036-436F-9D87-523B0DC9CA69}.Release|Any CPU.ActiveCfg = Release|Any CPU
		{D61A8C7E-B036-436F-9D87-523B0DC9CA69}.Release|Any CPU.Build.0 = Release|Any CPU
		{2E0E5B6E-ADBF-4A11-A105-A224F729C645}.Debug|Any CPU.ActiveCfg = Debug|Any CPU
		{2E0E5B6E-ADBF-4A11-A105-A224F729C645}.Debug|Any CPU.Build.0 = Debug|Any CPU
		{2E0E5B6E-ADBF-4A11-A105-A224F729C645}.Release|Any CPU.ActiveCfg = Release|Any CPU
		{2E0E5B6E-ADBF-4A11-A105-A224F729C645}.Release|Any CPU.Build.0 = Release|Any CPU
	EndGlobalSection
	GlobalSection(SolutionProperties) = preSolution
		HideSolutionNode = FALSE
	EndGlobalSection
EndGlobal
