
Microsoft Visual Studio Solution File, Format Version 12.00
# Visual Studio 2013
VisualStudioVersion = 12.0.21005.1
MinimumVisualStudioVersion = 10.0.40219.1
Project("{FAE04EC0-301F-11D3-BF4B-00C04F79EFBC}") = "01.Leap year", "Leap year\01.Leap year.csproj", "{B61612EF-FFE5-4C03-B493-1793EBEF9877}"
EndProject
Project("{FAE04EC0-301F-11D3-BF4B-00C04F79EFBC}") = "08.Sum integers", "Sum integers\08.Sum integers.csproj", "{C3D4C132-DD07-4443-8A3B-F9FE6ACFF5AE}"
EndProject
Project("{FAE04EC0-301F-11D3-BF4B-00C04F79EFBC}") = "04.Triangle surface by side and altitude", "Triangle surface by side and altitude\04.Triangle surface by side and altitude.csproj", "{C1CDD197-3169-45A4-804F-05BC7CE562F8}"
EndProject
Project("{FAE04EC0-301F-11D3-BF4B-00C04F79EFBC}") = "Triangle surface by three sides", "Triangle surface by three sides\Triangle surface by three sides.csproj", "{B84E58DE-26F8-47C7-85B1-F42C61D2C76C}"
EndProject
Project("{FAE04EC0-301F-11D3-BF4B-00C04F79EFBC}") = "Triangle surface by two sides and an angle", "Triangle surface by two sides and an angle\Triangle surface by two sides and an angle.csproj", "{166D5347-84FC-4464-B23F-CAB39048B7E9}"
EndProject
Global
	GlobalSection(SolutionConfigurationPlatforms) = preSolution
		Debug|Any CPU = Debug|Any CPU
		Release|Any CPU = Release|Any CPU
	EndGlobalSection
	GlobalSection(ProjectConfigurationPlatforms) = postSolution
		{B61612EF-FFE5-4C03-B493-1793EBEF9877}.Debug|Any CPU.ActiveCfg = Debug|Any CPU
		{B61612EF-FFE5-4C03-B493-1793EBEF9877}.Debug|Any CPU.Build.0 = Debug|Any CPU
		{B61612EF-FFE5-4C03-B493-1793EBEF9877}.Release|Any CPU.ActiveCfg = Release|Any CPU
		{B61612EF-FFE5-4C03-B493-1793EBEF9877}.Release|Any CPU.Build.0 = Release|Any CPU
		{C3D4C132-DD07-4443-8A3B-F9FE6ACFF5AE}.Debug|Any CPU.ActiveCfg = Debug|Any CPU
		{C3D4C132-DD07-4443-8A3B-F9FE6ACFF5AE}.Debug|Any CPU.Build.0 = Debug|Any CPU
		{C3D4C132-DD07-4443-8A3B-F9FE6ACFF5AE}.Release|Any CPU.ActiveCfg = Release|Any CPU
		{C3D4C132-DD07-4443-8A3B-F9FE6ACFF5AE}.Release|Any CPU.Build.0 = Release|Any CPU
		{C1CDD197-3169-45A4-804F-05BC7CE562F8}.Debug|Any CPU.ActiveCfg = Debug|Any CPU
		{C1CDD197-3169-45A4-804F-05BC7CE562F8}.Debug|Any CPU.Build.0 = Debug|Any CPU
		{C1CDD197-3169-45A4-804F-05BC7CE562F8}.Release|Any CPU.ActiveCfg = Release|Any CPU
		{C1CDD197-3169-45A4-804F-05BC7CE562F8}.Release|Any CPU.Build.0 = Release|Any CPU
		{B84E58DE-26F8-47C7-85B1-F42C61D2C76C}.Debug|Any CPU.ActiveCfg = Debug|Any CPU
		{B84E58DE-26F8-47C7-85B1-F42C61D2C76C}.Debug|Any CPU.Build.0 = Debug|Any CPU
		{B84E58DE-26F8-47C7-85B1-F42C61D2C76C}.Release|Any CPU.ActiveCfg = Release|Any CPU
		{B84E58DE-26F8-47C7-85B1-F42C61D2C76C}.Release|Any CPU.Build.0 = Release|Any CPU
		{166D5347-84FC-4464-B23F-CAB39048B7E9}.Debug|Any CPU.ActiveCfg = Debug|Any CPU
		{166D5347-84FC-4464-B23F-CAB39048B7E9}.Debug|Any CPU.Build.0 = Debug|Any CPU
		{166D5347-84FC-4464-B23F-CAB39048B7E9}.Release|Any CPU.ActiveCfg = Release|Any CPU
		{166D5347-84FC-4464-B23F-CAB39048B7E9}.Release|Any CPU.Build.0 = Release|Any CPU
	EndGlobalSection
	GlobalSection(SolutionProperties) = preSolution
		HideSolutionNode = FALSE
	EndGlobalSection
EndGlobal
