
Microsoft Visual Studio Solution File, Format Version 12.00
# Visual Studio 2013
VisualStudioVersion = 12.0.21005.1
MinimumVisualStudioVersion = 10.0.40219.1
Project("{FAE04EC0-301F-11D3-BF4B-00C04F79EFBC}") = "01. StringBuilder.Substring", "01. StringBuilder.Substring\01. StringBuilder.Substring.csproj", "{EB5A732A-D733-4112-A42D-D864F4AE8C40}"
EndProject
Project("{FAE04EC0-301F-11D3-BF4B-00C04F79EFBC}") = "02. IEnumerable extensions", "02. IEnumerable extensions\02. IEnumerable extensions.csproj", "{8EB41B86-D5D5-4F04-BB8F-64BF81D5EA23}"
EndProject
Project("{FAE04EC0-301F-11D3-BF4B-00C04F79EFBC}") = "03. Students", "Students\03. Students.csproj", "{02B24E99-7CCE-456F-AB94-B4EA721B8EDF}"
EndProject
Project("{FAE04EC0-301F-11D3-BF4B-00C04F79EFBC}") = "DivisibleBySevenAndThree", "DivisibleBySevenAndThree\DivisibleBySevenAndThree.csproj", "{7D8C9F4E-FCB5-4C25-A6C3-16E594FE5D99}"
EndProject
Project("{FAE04EC0-301F-11D3-BF4B-00C04F79EFBC}") = "TimerAndEvent", "TimerAndEvent\TimerAndEvent.csproj", "{3D921912-7E1A-4E0A-BCC0-18174C1E90DD}"
EndProject
Project("{FAE04EC0-301F-11D3-BF4B-00C04F79EFBC}") = "Find Longest String", "Find Longest String\Find Longest String.csproj", "{A7F03354-8685-41AF-8EF3-2DABBA23E512}"
EndProject
Global
	GlobalSection(SolutionConfigurationPlatforms) = preSolution
		Debug|Any CPU = Debug|Any CPU
		Release|Any CPU = Release|Any CPU
	EndGlobalSection
	GlobalSection(ProjectConfigurationPlatforms) = postSolution
		{EB5A732A-D733-4112-A42D-D864F4AE8C40}.Debug|Any CPU.ActiveCfg = Debug|Any CPU
		{EB5A732A-D733-4112-A42D-D864F4AE8C40}.Debug|Any CPU.Build.0 = Debug|Any CPU
		{EB5A732A-D733-4112-A42D-D864F4AE8C40}.Release|Any CPU.ActiveCfg = Release|Any CPU
		{EB5A732A-D733-4112-A42D-D864F4AE8C40}.Release|Any CPU.Build.0 = Release|Any CPU
		{8EB41B86-D5D5-4F04-BB8F-64BF81D5EA23}.Debug|Any CPU.ActiveCfg = Debug|Any CPU
		{8EB41B86-D5D5-4F04-BB8F-64BF81D5EA23}.Debug|Any CPU.Build.0 = Debug|Any CPU
		{8EB41B86-D5D5-4F04-BB8F-64BF81D5EA23}.Release|Any CPU.ActiveCfg = Release|Any CPU
		{8EB41B86-D5D5-4F04-BB8F-64BF81D5EA23}.Release|Any CPU.Build.0 = Release|Any CPU
		{02B24E99-7CCE-456F-AB94-B4EA721B8EDF}.Debug|Any CPU.ActiveCfg = Debug|Any CPU
		{02B24E99-7CCE-456F-AB94-B4EA721B8EDF}.Debug|Any CPU.Build.0 = Debug|Any CPU
		{02B24E99-7CCE-456F-AB94-B4EA721B8EDF}.Release|Any CPU.ActiveCfg = Release|Any CPU
		{02B24E99-7CCE-456F-AB94-B4EA721B8EDF}.Release|Any CPU.Build.0 = Release|Any CPU
		{7D8C9F4E-FCB5-4C25-A6C3-16E594FE5D99}.Debug|Any CPU.ActiveCfg = Debug|Any CPU
		{7D8C9F4E-FCB5-4C25-A6C3-16E594FE5D99}.Debug|Any CPU.Build.0 = Debug|Any CPU
		{7D8C9F4E-FCB5-4C25-A6C3-16E594FE5D99}.Release|Any CPU.ActiveCfg = Release|Any CPU
		{7D8C9F4E-FCB5-4C25-A6C3-16E594FE5D99}.Release|Any CPU.Build.0 = Release|Any CPU
		{3D921912-7E1A-4E0A-BCC0-18174C1E90DD}.Debug|Any CPU.ActiveCfg = Debug|Any CPU
		{3D921912-7E1A-4E0A-BCC0-18174C1E90DD}.Debug|Any CPU.Build.0 = Debug|Any CPU
		{3D921912-7E1A-4E0A-BCC0-18174C1E90DD}.Release|Any CPU.ActiveCfg = Release|Any CPU
		{3D921912-7E1A-4E0A-BCC0-18174C1E90DD}.Release|Any CPU.Build.0 = Release|Any CPU
		{A7F03354-8685-41AF-8EF3-2DABBA23E512}.Debug|Any CPU.ActiveCfg = Debug|Any CPU
		{A7F03354-8685-41AF-8EF3-2DABBA23E512}.Debug|Any CPU.Build.0 = Debug|Any CPU
		{A7F03354-8685-41AF-8EF3-2DABBA23E512}.Release|Any CPU.ActiveCfg = Release|Any CPU
		{A7F03354-8685-41AF-8EF3-2DABBA23E512}.Release|Any CPU.Build.0 = Release|Any CPU
	EndGlobalSection
	GlobalSection(SolutionProperties) = preSolution
		HideSolutionNode = FALSE
	EndGlobalSection
EndGlobal
