
Microsoft Visual Studio Solution File, Format Version 12.00
# Visual Studio 14
VisualStudioVersion = 14.0.25420.1
MinimumVisualStudioVersion = 10.0.40219.1
Project("{FAE04EC0-301F-11D3-BF4B-00C04F79EFBC}") = "BinaryPasswords", "BinaryPasswords\BinaryPasswords.csproj", "{999AD56C-4777-49DF-845C-57155CFADEF6}"
EndProject
Project("{FAE04EC0-301F-11D3-BF4B-00C04F79EFBC}") = "Deviders", "Deviders\Deviders.csproj", "{A5821CD8-BA0D-4845-AC1D-AC107DE2AC07}"
EndProject
Global
	GlobalSection(SolutionConfigurationPlatforms) = preSolution
		Debug|Any CPU = Debug|Any CPU
		Release|Any CPU = Release|Any CPU
	EndGlobalSection
	GlobalSection(ProjectConfigurationPlatforms) = postSolution
		{999AD56C-4777-49DF-845C-57155CFADEF6}.Debug|Any CPU.ActiveCfg = Debug|Any CPU
		{999AD56C-4777-49DF-845C-57155CFADEF6}.Debug|Any CPU.Build.0 = Debug|Any CPU
		{999AD56C-4777-49DF-845C-57155CFADEF6}.Release|Any CPU.ActiveCfg = Release|Any CPU
		{999AD56C-4777-49DF-845C-57155CFADEF6}.Release|Any CPU.Build.0 = Release|Any CPU
		{A5821CD8-BA0D-4845-AC1D-AC107DE2AC07}.Debug|Any CPU.ActiveCfg = Debug|Any CPU
		{A5821CD8-BA0D-4845-AC1D-AC107DE2AC07}.Debug|Any CPU.Build.0 = Debug|Any CPU
		{A5821CD8-BA0D-4845-AC1D-AC107DE2AC07}.Release|Any CPU.ActiveCfg = Release|Any CPU
		{A5821CD8-BA0D-4845-AC1D-AC107DE2AC07}.Release|Any CPU.Build.0 = Release|Any CPU
	EndGlobalSection
	GlobalSection(SolutionProperties) = preSolution
		HideSolutionNode = FALSE
	EndGlobalSection
EndGlobal
