
Microsoft Visual Studio Solution File, Format Version 12.00
# Visual Studio 2013
VisualStudioVersion = 12.0.40629.0
MinimumVisualStudioVersion = 10.0.40219.1
Project("{FAE04EC0-301F-11D3-BF4B-00C04F79EFBC}") = "01. class_123", "class_123\01. class_123.csproj", "{9D4CC569-DEB5-4C6F-9C8A-3D51E055F876}"
EndProject
Project("{FAE04EC0-301F-11D3-BF4B-00C04F79EFBC}") = "02. MakeHuman", "MakeHuman\02. MakeHuman.csproj", "{58D1C3EC-DC85-4809-9AA3-143ED5111E7E}"
EndProject
Global
	GlobalSection(SolutionConfigurationPlatforms) = preSolution
		Debug|Any CPU = Debug|Any CPU
		Release|Any CPU = Release|Any CPU
	EndGlobalSection
	GlobalSection(ProjectConfigurationPlatforms) = postSolution
		{9D4CC569-DEB5-4C6F-9C8A-3D51E055F876}.Debug|Any CPU.ActiveCfg = Debug|Any CPU
		{9D4CC569-DEB5-4C6F-9C8A-3D51E055F876}.Debug|Any CPU.Build.0 = Debug|Any CPU
		{9D4CC569-DEB5-4C6F-9C8A-3D51E055F876}.Release|Any CPU.ActiveCfg = Release|Any CPU
		{9D4CC569-DEB5-4C6F-9C8A-3D51E055F876}.Release|Any CPU.Build.0 = Release|Any CPU
		{58D1C3EC-DC85-4809-9AA3-143ED5111E7E}.Debug|Any CPU.ActiveCfg = Debug|Any CPU
		{58D1C3EC-DC85-4809-9AA3-143ED5111E7E}.Debug|Any CPU.Build.0 = Debug|Any CPU
		{58D1C3EC-DC85-4809-9AA3-143ED5111E7E}.Release|Any CPU.ActiveCfg = Release|Any CPU
		{58D1C3EC-DC85-4809-9AA3-143ED5111E7E}.Release|Any CPU.Build.0 = Release|Any CPU
	EndGlobalSection
	GlobalSection(SolutionProperties) = preSolution
		HideSolutionNode = FALSE
	EndGlobalSection
EndGlobal
