
Microsoft Visual Studio Solution File, Format Version 12.00
# Visual Studio 2013
VisualStudioVersion = 12.0.21005.1
MinimumVisualStudioVersion = 10.0.40219.1
Project("{FAE04EC0-301F-11D3-BF4B-00C04F79EFBC}") = "01. Shapes", "Shapes\01. Shapes.csproj", "{073AC091-FBDC-4E52-9C87-790245EB12C9}"
EndProject
Project("{FAE04EC0-301F-11D3-BF4B-00C04F79EFBC}") = "02. BankAccounts", "BankAccounts\02. BankAccounts.csproj", "{210715CB-095B-4683-ABF6-84A744AF0EF2}"
EndProject
Project("{FAE04EC0-301F-11D3-BF4B-00C04F79EFBC}") = "03. Range Exceptions", "Range Exceptions\03. Range Exceptions.csproj", "{40778F3E-E828-48D3-883C-5F7EE4E878FF}"
EndProject
Global
	GlobalSection(SolutionConfigurationPlatforms) = preSolution
		Debug|Any CPU = Debug|Any CPU
		Release|Any CPU = Release|Any CPU
	EndGlobalSection
	GlobalSection(ProjectConfigurationPlatforms) = postSolution
		{073AC091-FBDC-4E52-9C87-790245EB12C9}.Debug|Any CPU.ActiveCfg = Debug|Any CPU
		{073AC091-FBDC-4E52-9C87-790245EB12C9}.Debug|Any CPU.Build.0 = Debug|Any CPU
		{073AC091-FBDC-4E52-9C87-790245EB12C9}.Release|Any CPU.ActiveCfg = Release|Any CPU
		{073AC091-FBDC-4E52-9C87-790245EB12C9}.Release|Any CPU.Build.0 = Release|Any CPU
		{210715CB-095B-4683-ABF6-84A744AF0EF2}.Debug|Any CPU.ActiveCfg = Debug|Any CPU
		{210715CB-095B-4683-ABF6-84A744AF0EF2}.Debug|Any CPU.Build.0 = Debug|Any CPU
		{210715CB-095B-4683-ABF6-84A744AF0EF2}.Release|Any CPU.ActiveCfg = Release|Any CPU
		{210715CB-095B-4683-ABF6-84A744AF0EF2}.Release|Any CPU.Build.0 = Release|Any CPU
		{40778F3E-E828-48D3-883C-5F7EE4E878FF}.Debug|Any CPU.ActiveCfg = Debug|Any CPU
		{40778F3E-E828-48D3-883C-5F7EE4E878FF}.Debug|Any CPU.Build.0 = Debug|Any CPU
		{40778F3E-E828-48D3-883C-5F7EE4E878FF}.Release|Any CPU.ActiveCfg = Release|Any CPU
		{40778F3E-E828-48D3-883C-5F7EE4E878FF}.Release|Any CPU.Build.0 = Release|Any CPU
	EndGlobalSection
	GlobalSection(SolutionProperties) = preSolution
		HideSolutionNode = FALSE
	EndGlobalSection
EndGlobal
