
Microsoft Visual Studio Solution File, Format Version 12.00
# Visual Studio 2013
VisualStudioVersion = 12.0.21005.1
MinimumVisualStudioVersion = 10.0.40219.1
Project("{FAE04EC0-301F-11D3-BF4B-00C04F79EFBC}") = "01.Square root", "Square root\01.Square root.csproj", "{ADBC3253-0DCD-40D2-9721-1F203B6B6D26}"
EndProject
Project("{FAE04EC0-301F-11D3-BF4B-00C04F79EFBC}") = "Enter numbers", "Enter numbers\Enter numbers.csproj", "{775202CC-DD87-49D0-81BA-6CB48E507F9B}"
EndProject
Global
	GlobalSection(SolutionConfigurationPlatforms) = preSolution
		Debug|Any CPU = Debug|Any CPU
		Release|Any CPU = Release|Any CPU
	EndGlobalSection
	GlobalSection(ProjectConfigurationPlatforms) = postSolution
		{ADBC3253-0DCD-40D2-9721-1F203B6B6D26}.Debug|Any CPU.ActiveCfg = Debug|Any CPU
		{ADBC3253-0DCD-40D2-9721-1F203B6B6D26}.Debug|Any CPU.Build.0 = Debug|Any CPU
		{ADBC3253-0DCD-40D2-9721-1F203B6B6D26}.Release|Any CPU.ActiveCfg = Release|Any CPU
		{ADBC3253-0DCD-40D2-9721-1F203B6B6D26}.Release|Any CPU.Build.0 = Release|Any CPU
		{775202CC-DD87-49D0-81BA-6CB48E507F9B}.Debug|Any CPU.ActiveCfg = Debug|Any CPU
		{775202CC-DD87-49D0-81BA-6CB48E507F9B}.Debug|Any CPU.Build.0 = Debug|Any CPU
		{775202CC-DD87-49D0-81BA-6CB48E507F9B}.Release|Any CPU.ActiveCfg = Release|Any CPU
		{775202CC-DD87-49D0-81BA-6CB48E507F9B}.Release|Any CPU.Build.0 = Release|Any CPU
	EndGlobalSection
	GlobalSection(SolutionProperties) = preSolution
		HideSolutionNode = FALSE
	EndGlobalSection
EndGlobal
